
Microsoft Visual Studio Solution File, Format Version 12.00
# Visual Studio Version 16
VisualStudioVersion = 16.0.34031.81
MinimumVisualStudioVersion = 10.0.40219.1
Project("{2150E333-8FDC-42A3-9474-1A3956D46DE8}") = "Task0", "Task0", "{B1645038-4CB0-4841-A643-27D7D8DBB9E8}"
EndProject
Project("{FAE04EC0-301F-11D3-BF4B-00C04F79EFBC}") = "Tyuiu.YuzhakovYM.Sprint3.Task0.V29", "Tyuiu.YuzhakovYM.Sprint3.Task0.V29\Tyuiu.YuzhakovYM.Sprint3.Task0.V29.csproj", "{FE62DE29-7DC2-4787-8D4E-185BD746C75A}"
EndProject
Project("{FAE04EC0-301F-11D3-BF4B-00C04F79EFBC}") = "Tyuiu.YuzhakovYM.Sprint3.Task0.V29.Lib", "Tyuiu.YuzhakovYM.Sprint3.Task0.V29.Lib\Tyuiu.YuzhakovYM.Sprint3.Task0.V29.Lib.csproj", "{09F81383-D669-4920-A4AE-D32A9A8AEA6F}"
EndProject
Project("{FAE04EC0-301F-11D3-BF4B-00C04F79EFBC}") = "Tyuiu.YuzhakovYM.Sprint3.Task0.V29.Test", "Tyuiu.YuzhakovYM.Sprint3.Task0.V29.Test\Tyuiu.YuzhakovYM.Sprint3.Task0.V29.Test.csproj", "{07895A5B-E5AC-44F9-80C0-5FE01CF52371}"
EndProject
Project("{2150E333-8FDC-42A3-9474-1A3956D46DE8}") = "Task1", "Task1", "{2E931B7A-43DD-4372-915B-F5136AB3623B}"
EndProject
Project("{FAE04EC0-301F-11D3-BF4B-00C04F79EFBC}") = "Tyuiu.YuzhakovYM.Sprint3.Task1.V9", "Tyuiu.YuzhakovYM.Sprint3.Task1.V9\Tyuiu.YuzhakovYM.Sprint3.Task1.V9.csproj", "{48BED2B7-AA23-44C7-BEBD-B6ECB4E9E946}"
EndProject
Project("{FAE04EC0-301F-11D3-BF4B-00C04F79EFBC}") = "Tyuiu.YuzhakovYM.Sprint3.Task1.V9.Lib", "Tyuiu.YuzhakovYM.Sprint3.Task1.V9.Lib\Tyuiu.YuzhakovYM.Sprint3.Task1.V9.Lib.csproj", "{BB8830CF-F9E8-45E8-9B02-0630BEE0A8C8}"
EndProject
Project("{FAE04EC0-301F-11D3-BF4B-00C04F79EFBC}") = "Tyuiu.YuzhakovYM.Sprint3.Task1.V9.Test", "Tyuiu.YuzhakovYM.Sprint3.Task1.V9.Test\Tyuiu.YuzhakovYM.Sprint3.Task1.V9.Test.csproj", "{4508367B-B63D-4C6A-AC10-B1431EE48AAF}"
EndProject
Project("{2150E333-8FDC-42A3-9474-1A3956D46DE8}") = "Task2", "Task2", "{DE1EC815-8F8B-4A10-A18C-C331553D0467}"
EndProject
Project("{FAE04EC0-301F-11D3-BF4B-00C04F79EFBC}") = "Tyuiu.YuzhakovYM.Sprint3.Task2.V10", "Tyuiu.YuzhakovYM.Sprint3.Task2.V10\Tyuiu.YuzhakovYM.Sprint3.Task2.V10.csproj", "{EFF3D3BD-DC4D-42F0-B7E5-55A930B236E4}"
EndProject
Project("{FAE04EC0-301F-11D3-BF4B-00C04F79EFBC}") = "Tyuiu.YuzhakovYM.Sprint3.Task2.V10.Lib", "Tyuiu.YuzhakovYM.Sprint3.Task2.V10.Lib\Tyuiu.YuzhakovYM.Sprint3.Task2.V10.Lib.csproj", "{116D94C4-1F6D-489D-BBCE-B8D23BA84AE2}"
EndProject
Project("{FAE04EC0-301F-11D3-BF4B-00C04F79EFBC}") = "Tyuiu.YuzhakovYM.Sprint3.Task2.V10.Test", "Tyuiu.YuzhakovYM.Sprint3.Task2.V10.Test\Tyuiu.YuzhakovYM.Sprint3.Task2.V10.Test.csproj", "{25288BFA-3145-4C5D-A03A-FEC2F053126D}"
EndProject
Project("{2150E333-8FDC-42A3-9474-1A3956D46DE8}") = "Task3", "Task3", "{6729DC83-59B1-4382-A12C-487A7D6870CA}"
EndProject
Project("{FAE04EC0-301F-11D3-BF4B-00C04F79EFBC}") = "Tyuiu.YuzhakovYM.Sprint3.Task3.V27", "Tyuiu.YuzhakovYM.Sprint3.Task3.V27\Tyuiu.YuzhakovYM.Sprint3.Task3.V27.csproj", "{FE136EC8-3308-4ADE-9A47-C8C3CB578A42}"
EndProject
Project("{FAE04EC0-301F-11D3-BF4B-00C04F79EFBC}") = "Tyuiu.YuzhakovYM.Sprint3.Task3.V27.Lib", "Tyuiu.YuzhakovYM.Sprint3.Task3.V27.Lib\Tyuiu.YuzhakovYM.Sprint3.Task3.V27.Lib.csproj", "{D0A7ACF9-3944-407E-89C9-52C1103E0C7F}"
EndProject
Project("{FAE04EC0-301F-11D3-BF4B-00C04F79EFBC}") = "Tyuiu.YuzhakovYM.Sprint3.Task3.V27.Test", "Tyuiu.YuzhakovYM.Sprint3.Task3.V27.Test\Tyuiu.YuzhakovYM.Sprint3.Task3.V27.Test.csproj", "{7756D64E-AC4D-4877-8D45-8B88A2344FDF}"
EndProject
Project("{2150E333-8FDC-42A3-9474-1A3956D46DE8}") = "Task4", "Task4", "{36A20AB4-BD02-45B2-BC14-A8271544C062}"
EndProject
Project("{FAE04EC0-301F-11D3-BF4B-00C04F79EFBC}") = "Tyuiu.YuzhakovYM.Sprint3.Task4.V13", "Tyuiu.YuzhakovYM.Sprint3.Task4.V13\Tyuiu.YuzhakovYM.Sprint3.Task4.V13.csproj", "{6E1B6F85-2950-47BC-99D4-C906C8F75ABE}"
EndProject
Project("{FAE04EC0-301F-11D3-BF4B-00C04F79EFBC}") = "Tyuiu.YuzhakovYM.Sprint3.Task4.V13.Lib", "Tyuiu.YuzhakovYM.Sprint3.Task4.V13.Lib\Tyuiu.YuzhakovYM.Sprint3.Task4.V13.Lib.csproj", "{CFE8F323-5E98-4BF2-A4A3-99BE0C5AC3C0}"
EndProject
Project("{FAE04EC0-301F-11D3-BF4B-00C04F79EFBC}") = "Tyuiu.YuzhakovYM.Sprint3.Task4.V13.Test", "Tyuiu.YuzhakovYM.Sprint3.Task4.V13.Test\Tyuiu.YuzhakovYM.Sprint3.Task4.V13.Test.csproj", "{86D817D2-6C9F-41C2-9348-37E7D71E0F0C}"
EndProject
Project("{2150E333-8FDC-42A3-9474-1A3956D46DE8}") = "Task5", "Task5", "{87A272AE-F1CF-4C79-AB36-FF558089AFB9}"
EndProject
Project("{FAE04EC0-301F-11D3-BF4B-00C04F79EFBC}") = "Tyuiu.YuzhakovYM.Sprint3.Task5.V27", "Tyuiu.YuzhakovYM.Sprint3.Task5.V27\Tyuiu.YuzhakovYM.Sprint3.Task5.V27.csproj", "{42F0D4D2-A4B7-40DC-A1E3-9AD9C7F5A24D}"
EndProject
Project("{FAE04EC0-301F-11D3-BF4B-00C04F79EFBC}") = "Tyuiu.YuzhakovYM.Sprint3.Task5.V27.Lib", "Tyuiu.YuzhakovYM.Sprint3.Task5.V27.Lib\Tyuiu.YuzhakovYM.Sprint3.Task5.V27.Lib.csproj", "{9417059A-F0B4-4B86-9894-50C3ABCF263A}"
EndProject
Project("{FAE04EC0-301F-11D3-BF4B-00C04F79EFBC}") = "Tyuiu.YuzhakovYM.Sprint3.Task5.V27.Test", "Tyuiu.YuzhakovYM.Sprint3.Task5.V27.Test\Tyuiu.YuzhakovYM.Sprint3.Task5.V27.Test.csproj", "{883D8191-B0FD-431F-AC11-F2BE062B4C49}"
EndProject
Project("{2150E333-8FDC-42A3-9474-1A3956D46DE8}") = "Task6", "Task6", "{C48821BC-824A-4C32-92C7-3BE17A40738D}"
EndProject
Project("{FAE04EC0-301F-11D3-BF4B-00C04F79EFBC}") = "Tyuiu.YuzhakovYM.Sprint3.Task6.V16", "Tyuiu.YuzhakovYM.Sprint3.Task6.V16\Tyuiu.YuzhakovYM.Sprint3.Task6.V16.csproj", "{1F80EC00-B08B-4427-A68F-3E57C290FE00}"
EndProject
Project("{FAE04EC0-301F-11D3-BF4B-00C04F79EFBC}") = "Tyuiu.YuzhakovYM.Sprint3.Task6.V16.Lib", "Tyuiu.YuzhakovYM.Sprint3.Task6.V16.Lib\Tyuiu.YuzhakovYM.Sprint3.Task6.V16.Lib.csproj", "{9805295F-5735-4C75-A62B-400DD17A7ABB}"
EndProject
Project("{FAE04EC0-301F-11D3-BF4B-00C04F79EFBC}") = "Tyuiu.YuzhakovYM.Sprint3.Task6.V16.Test", "Tyuiu.YuzhakovYM.Sprint3.Task6.V16.Test\Tyuiu.YuzhakovYM.Sprint3.Task6.V16.Test.csproj", "{1A9BC6D9-CCFF-41D9-82CE-8A70BC729DFF}"
EndProject
Global
	GlobalSection(SolutionConfigurationPlatforms) = preSolution
		Debug|Any CPU = Debug|Any CPU
		Release|Any CPU = Release|Any CPU
	EndGlobalSection
	GlobalSection(ProjectConfigurationPlatforms) = postSolution
		{FE62DE29-7DC2-4787-8D4E-185BD746C75A}.Debug|Any CPU.ActiveCfg = Debug|Any CPU
		{FE62DE29-7DC2-4787-8D4E-185BD746C75A}.Debug|Any CPU.Build.0 = Debug|Any CPU
		{FE62DE29-7DC2-4787-8D4E-185BD746C75A}.Release|Any CPU.ActiveCfg = Release|Any CPU
		{FE62DE29-7DC2-4787-8D4E-185BD746C75A}.Release|Any CPU.Build.0 = Release|Any CPU
		{09F81383-D669-4920-A4AE-D32A9A8AEA6F}.Debug|Any CPU.ActiveCfg = Debug|Any CPU
		{09F81383-D669-4920-A4AE-D32A9A8AEA6F}.Debug|Any CPU.Build.0 = Debug|Any CPU
		{09F81383-D669-4920-A4AE-D32A9A8AEA6F}.Release|Any CPU.ActiveCfg = Release|Any CPU
		{09F81383-D669-4920-A4AE-D32A9A8AEA6F}.Release|Any CPU.Build.0 = Release|Any CPU
		{07895A5B-E5AC-44F9-80C0-5FE01CF52371}.Debug|Any CPU.ActiveCfg = Debug|Any CPU
		{07895A5B-E5AC-44F9-80C0-5FE01CF52371}.Debug|Any CPU.Build.0 = Debug|Any CPU
		{07895A5B-E5AC-44F9-80C0-5FE01CF52371}.Release|Any CPU.ActiveCfg = Release|Any CPU
		{07895A5B-E5AC-44F9-80C0-5FE01CF52371}.Release|Any CPU.Build.0 = Release|Any CPU
		{48BED2B7-AA23-44C7-BEBD-B6ECB4E9E946}.Debug|Any CPU.ActiveCfg = Debug|Any CPU
		{48BED2B7-AA23-44C7-BEBD-B6ECB4E9E946}.Debug|Any CPU.Build.0 = Debug|Any CPU
		{48BED2B7-AA23-44C7-BEBD-B6ECB4E9E946}.Release|Any CPU.ActiveCfg = Release|Any CPU
		{48BED2B7-AA23-44C7-BEBD-B6ECB4E9E946}.Release|Any CPU.Build.0 = Release|Any CPU
		{BB8830CF-F9E8-45E8-9B02-0630BEE0A8C8}.Debug|Any CPU.ActiveCfg = Debug|Any CPU
		{BB8830CF-F9E8-45E8-9B02-0630BEE0A8C8}.Debug|Any CPU.Build.0 = Debug|Any CPU
		{BB8830CF-F9E8-45E8-9B02-0630BEE0A8C8}.Release|Any CPU.ActiveCfg = Release|Any CPU
		{BB8830CF-F9E8-45E8-9B02-0630BEE0A8C8}.Release|Any CPU.Build.0 = Release|Any CPU
		{4508367B-B63D-4C6A-AC10-B1431EE48AAF}.Debug|Any CPU.ActiveCfg = Debug|Any CPU
		{4508367B-B63D-4C6A-AC10-B1431EE48AAF}.Debug|Any CPU.Build.0 = Debug|Any CPU
		{4508367B-B63D-4C6A-AC10-B1431EE48AAF}.Release|Any CPU.ActiveCfg = Release|Any CPU
		{4508367B-B63D-4C6A-AC10-B1431EE48AAF}.Release|Any CPU.Build.0 = Release|Any CPU
		{EFF3D3BD-DC4D-42F0-B7E5-55A930B236E4}.Debug|Any CPU.ActiveCfg = Debug|Any CPU
		{EFF3D3BD-DC4D-42F0-B7E5-55A930B236E4}.Debug|Any CPU.Build.0 = Debug|Any CPU
		{EFF3D3BD-DC4D-42F0-B7E5-55A930B236E4}.Release|Any CPU.ActiveCfg = Release|Any CPU
		{EFF3D3BD-DC4D-42F0-B7E5-55A930B236E4}.Release|Any CPU.Build.0 = Release|Any CPU
		{116D94C4-1F6D-489D-BBCE-B8D23BA84AE2}.Debug|Any CPU.ActiveCfg = Debug|Any CPU
		{116D94C4-1F6D-489D-BBCE-B8D23BA84AE2}.Debug|Any CPU.Build.0 = Debug|Any CPU
		{116D94C4-1F6D-489D-BBCE-B8D23BA84AE2}.Release|Any CPU.ActiveCfg = Release|Any CPU
		{116D94C4-1F6D-489D-BBCE-B8D23BA84AE2}.Release|Any CPU.Build.0 = Release|Any CPU
		{25288BFA-3145-4C5D-A03A-FEC2F053126D}.Debug|Any CPU.ActiveCfg = Debug|Any CPU
		{25288BFA-3145-4C5D-A03A-FEC2F053126D}.Debug|Any CPU.Build.0 = Debug|Any CPU
		{25288BFA-3145-4C5D-A03A-FEC2F053126D}.Release|Any CPU.ActiveCfg = Release|Any CPU
		{25288BFA-3145-4C5D-A03A-FEC2F053126D}.Release|Any CPU.Build.0 = Release|Any CPU
		{FE136EC8-3308-4ADE-9A47-C8C3CB578A42}.Debug|Any CPU.ActiveCfg = Debug|Any CPU
		{FE136EC8-3308-4ADE-9A47-C8C3CB578A42}.Debug|Any CPU.Build.0 = Debug|Any CPU
		{FE136EC8-3308-4ADE-9A47-C8C3CB578A42}.Release|Any CPU.ActiveCfg = Release|Any CPU
		{FE136EC8-3308-4ADE-9A47-C8C3CB578A42}.Release|Any CPU.Build.0 = Release|Any CPU
		{D0A7ACF9-3944-407E-89C9-52C1103E0C7F}.Debug|Any CPU.ActiveCfg = Debug|Any CPU
		{D0A7ACF9-3944-407E-89C9-52C1103E0C7F}.Debug|Any CPU.Build.0 = Debug|Any CPU
		{D0A7ACF9-3944-407E-89C9-52C1103E0C7F}.Release|Any CPU.ActiveCfg = Release|Any CPU
		{D0A7ACF9-3944-407E-89C9-52C1103E0C7F}.Release|Any CPU.Build.0 = Release|Any CPU
		{7756D64E-AC4D-4877-8D45-8B88A2344FDF}.Debug|Any CPU.ActiveCfg = Debug|Any CPU
		{7756D64E-AC4D-4877-8D45-8B88A2344FDF}.Debug|Any CPU.Build.0 = Debug|Any CPU
		{7756D64E-AC4D-4877-8D45-8B88A2344FDF}.Release|Any CPU.ActiveCfg = Release|Any CPU
		{7756D64E-AC4D-4877-8D45-8B88A2344FDF}.Release|Any CPU.Build.0 = Release|Any CPU
		{6E1B6F85-2950-47BC-99D4-C906C8F75ABE}.Debug|Any CPU.ActiveCfg = Debug|Any CPU
		{6E1B6F85-2950-47BC-99D4-C906C8F75ABE}.Debug|Any CPU.Build.0 = Debug|Any CPU
		{6E1B6F85-2950-47BC-99D4-C906C8F75ABE}.Release|Any CPU.ActiveCfg = Release|Any CPU
		{6E1B6F85-2950-47BC-99D4-C906C8F75ABE}.Release|Any CPU.Build.0 = Release|Any CPU
		{CFE8F323-5E98-4BF2-A4A3-99BE0C5AC3C0}.Debug|Any CPU.ActiveCfg = Debug|Any CPU
		{CFE8F323-5E98-4BF2-A4A3-99BE0C5AC3C0}.Debug|Any CPU.Build.0 = Debug|Any CPU
		{CFE8F323-5E98-4BF2-A4A3-99BE0C5AC3C0}.Release|Any CPU.ActiveCfg = Release|Any CPU
		{CFE8F323-5E98-4BF2-A4A3-99BE0C5AC3C0}.Release|Any CPU.Build.0 = Release|Any CPU
		{86D817D2-6C9F-41C2-9348-37E7D71E0F0C}.Debug|Any CPU.ActiveCfg = Debug|Any CPU
		{86D817D2-6C9F-41C2-9348-37E7D71E0F0C}.Debug|Any CPU.Build.0 = Debug|Any CPU
		{86D817D2-6C9F-41C2-9348-37E7D71E0F0C}.Release|Any CPU.ActiveCfg = Release|Any CPU
		{86D817D2-6C9F-41C2-9348-37E7D71E0F0C}.Release|Any CPU.Build.0 = Release|Any CPU
		{42F0D4D2-A4B7-40DC-A1E3-9AD9C7F5A24D}.Debug|Any CPU.ActiveCfg = Debug|Any CPU
		{42F0D4D2-A4B7-40DC-A1E3-9AD9C7F5A24D}.Debug|Any CPU.Build.0 = Debug|Any CPU
		{42F0D4D2-A4B7-40DC-A1E3-9AD9C7F5A24D}.Release|Any CPU.ActiveCfg = Release|Any CPU
		{42F0D4D2-A4B7-40DC-A1E3-9AD9C7F5A24D}.Release|Any CPU.Build.0 = Release|Any CPU
		{9417059A-F0B4-4B86-9894-50C3ABCF263A}.Debug|Any CPU.ActiveCfg = Debug|Any CPU
		{9417059A-F0B4-4B86-9894-50C3ABCF263A}.Debug|Any CPU.Build.0 = Debug|Any CPU
		{9417059A-F0B4-4B86-9894-50C3ABCF263A}.Release|Any CPU.ActiveCfg = Release|Any CPU
		{9417059A-F0B4-4B86-9894-50C3ABCF263A}.Release|Any CPU.Build.0 = Release|Any CPU
		{883D8191-B0FD-431F-AC11-F2BE062B4C49}.Debug|Any CPU.ActiveCfg = Debug|Any CPU
		{883D8191-B0FD-431F-AC11-F2BE062B4C49}.Debug|Any CPU.Build.0 = Debug|Any CPU
		{883D8191-B0FD-431F-AC11-F2BE062B4C49}.Release|Any CPU.ActiveCfg = Release|Any CPU
		{883D8191-B0FD-431F-AC11-F2BE062B4C49}.Release|Any CPU.Build.0 = Release|Any CPU
		{1F80EC00-B08B-4427-A68F-3E57C290FE00}.Debug|Any CPU.ActiveCfg = Debug|Any CPU
		{1F80EC00-B08B-4427-A68F-3E57C290FE00}.Debug|Any CPU.Build.0 = Debug|Any CPU
		{1F80EC00-B08B-4427-A68F-3E57C290FE00}.Release|Any CPU.ActiveCfg = Release|Any CPU
		{1F80EC00-B08B-4427-A68F-3E57C290FE00}.Release|Any CPU.Build.0 = Release|Any CPU
		{9805295F-5735-4C75-A62B-400DD17A7ABB}.Debug|Any CPU.ActiveCfg = Debug|Any CPU
		{9805295F-5735-4C75-A62B-400DD17A7ABB}.Debug|Any CPU.Build.0 = Debug|Any CPU
		{9805295F-5735-4C75-A62B-400DD17A7ABB}.Release|Any CPU.ActiveCfg = Release|Any CPU
		{9805295F-5735-4C75-A62B-400DD17A7ABB}.Release|Any CPU.Build.0 = Release|Any CPU
		{1A9BC6D9-CCFF-41D9-82CE-8A70BC729DFF}.Debug|Any CPU.ActiveCfg = Debug|Any CPU
		{1A9BC6D9-CCFF-41D9-82CE-8A70BC729DFF}.Debug|Any CPU.Build.0 = Debug|Any CPU
		{1A9BC6D9-CCFF-41D9-82CE-8A70BC729DFF}.Release|Any CPU.ActiveCfg = Release|Any CPU
		{1A9BC6D9-CCFF-41D9-82CE-8A70BC729DFF}.Release|Any CPU.Build.0 = Release|Any CPU
	EndGlobalSection
	GlobalSection(SolutionProperties) = preSolution
		HideSolutionNode = FALSE
	EndGlobalSection
	GlobalSection(NestedProjects) = preSolution
		{FE62DE29-7DC2-4787-8D4E-185BD746C75A} = {B1645038-4CB0-4841-A643-27D7D8DBB9E8}
		{09F81383-D669-4920-A4AE-D32A9A8AEA6F} = {B1645038-4CB0-4841-A643-27D7D8DBB9E8}
		{07895A5B-E5AC-44F9-80C0-5FE01CF52371} = {B1645038-4CB0-4841-A643-27D7D8DBB9E8}
		{48BED2B7-AA23-44C7-BEBD-B6ECB4E9E946} = {2E931B7A-43DD-4372-915B-F5136AB3623B}
		{BB8830CF-F9E8-45E8-9B02-0630BEE0A8C8} = {2E931B7A-43DD-4372-915B-F5136AB3623B}
		{4508367B-B63D-4C6A-AC10-B1431EE48AAF} = {2E931B7A-43DD-4372-915B-F5136AB3623B}
		{EFF3D3BD-DC4D-42F0-B7E5-55A930B236E4} = {DE1EC815-8F8B-4A10-A18C-C331553D0467}
		{116D94C4-1F6D-489D-BBCE-B8D23BA84AE2} = {DE1EC815-8F8B-4A10-A18C-C331553D0467}
		{25288BFA-3145-4C5D-A03A-FEC2F053126D} = {DE1EC815-8F8B-4A10-A18C-C331553D0467}
		{FE136EC8-3308-4ADE-9A47-C8C3CB578A42} = {6729DC83-59B1-4382-A12C-487A7D6870CA}
		{D0A7ACF9-3944-407E-89C9-52C1103E0C7F} = {6729DC83-59B1-4382-A12C-487A7D6870CA}
		{7756D64E-AC4D-4877-8D45-8B88A2344FDF} = {6729DC83-59B1-4382-A12C-487A7D6870CA}
		{6E1B6F85-2950-47BC-99D4-C906C8F75ABE} = {36A20AB4-BD02-45B2-BC14-A8271544C062}
		{CFE8F323-5E98-4BF2-A4A3-99BE0C5AC3C0} = {36A20AB4-BD02-45B2-BC14-A8271544C062}
		{86D817D2-6C9F-41C2-9348-37E7D71E0F0C} = {36A20AB4-BD02-45B2-BC14-A8271544C062}
		{42F0D4D2-A4B7-40DC-A1E3-9AD9C7F5A24D} = {87A272AE-F1CF-4C79-AB36-FF558089AFB9}
		{9417059A-F0B4-4B86-9894-50C3ABCF263A} = {87A272AE-F1CF-4C79-AB36-FF558089AFB9}
		{883D8191-B0FD-431F-AC11-F2BE062B4C49} = {87A272AE-F1CF-4C79-AB36-FF558089AFB9}
		{1F80EC00-B08B-4427-A68F-3E57C290FE00} = {C48821BC-824A-4C32-92C7-3BE17A40738D}
		{9805295F-5735-4C75-A62B-400DD17A7ABB} = {C48821BC-824A-4C32-92C7-3BE17A40738D}
		{1A9BC6D9-CCFF-41D9-82CE-8A70BC729DFF} = {C48821BC-824A-4C32-92C7-3BE17A40738D}
	EndGlobalSection
	GlobalSection(ExtensibilityGlobals) = postSolution
		SolutionGuid = {06FA9BF9-C96A-4611-AB98-01E6D30B9C7E}
	EndGlobalSection
EndGlobal
